// !$*UTF8*$!
{
	archiveVersion = 1;
	classes = {
	};
	objectVersion = 77;
	objects = {

/* Begin PBXContainerItemProxy section */
		AEF410112DA9A32600C7581A /* PBXContainerItemProxy */ = {
			isa = PBXContainerItemProxy;
			containerPortal = AEF40FE22DA9A06600C7581A /* Project object */;
			proxyType = 1;
			remoteGlobalIDString = AEF40FE92DA9A06600C7581A;
			remoteInfo = HabiTrack;
		};
		AEF410202DA9A34F00C7581A /* PBXContainerItemProxy */ = {
			isa = PBXContainerItemProxy;
			containerPortal = AEF40FE22DA9A06600C7581A /* Project object */;
			proxyType = 1;
			remoteGlobalIDString = AEF40FE92DA9A06600C7581A;
			remoteInfo = HabiTrack;
		};
/* End PBXContainerItemProxy section */

/* Begin PBXFileReference section */
		AEF40FEA2DA9A06600C7581A /* HabiTrack.app */ = {isa = PBXFileReference; explicitFileType = wrapper.application; includeInIndex = 0; path = HabiTrack.app; sourceTree = BUILT_PRODUCTS_DIR; };
		AEF4100D2DA9A32600C7581A /* HabiTrackTests.xctest */ = {isa = PBXFileReference; explicitFileType = wrapper.cfbundle; includeInIndex = 0; path = HabiTrackTests.xctest; sourceTree = BUILT_PRODUCTS_DIR; };
		AEF4101A2DA9A34F00C7581A /* HabiTrackUITests.xctest */ = {isa = PBXFileReference; explicitFileType = wrapper.cfbundle; includeInIndex = 0; path = HabiTrackUITests.xctest; sourceTree = BUILT_PRODUCTS_DIR; };
/* End PBXFileReference section */

/* Begin PBXFileSystemSynchronizedRootGroup section */
		AEF40FEC2DA9A06600C7581A /* HabiTrack */ = {
			isa = PBXFileSystemSynchronizedRootGroup;
			path = HabiTrack;
			sourceTree = "<group>";
		};
		AEF4100E2DA9A32600C7581A /* HabiTrackTests */ = {
			isa = PBXFileSystemSynchronizedRootGroup;
			path = HabiTrackTests;
			sourceTree = "<group>";
		};
		AEF4101B2DA9A34F00C7581A /* HabiTrackUITests */ = {
			isa = PBXFileSystemSynchronizedRootGroup;
			path = HabiTrackUITests;
			sourceTree = "<group>";
		};
/* End PBXFileSystemSynchronizedRootGroup section */

/* Begin PBXFrameworksBuildPhase section */
		AEF40FE72DA9A06600C7581A /* Frameworks */ = {
			isa = PBXFrameworksBuildPhase;
			buildActionMask = 2147483647;
			files = (
			);
			runOnlyForDeploymentPostprocessing = 0;
		};
		AEF4100A2DA9A32600C7581A /* Frameworks */ = {
			isa = PBXFrameworksBuildPhase;
			buildActionMask = 2147483647;
			files = (
			);
			runOnlyForDeploymentPostprocessing = 0;
		};
		AEF410172DA9A34F00C7581A /* Frameworks */ = {
			isa = PBXFrameworksBuildPhase;
			buildActionMask = 2147483647;
			files = (
			);
			runOnlyForDeploymentPostprocessing = 0;
		};
/* End PBXFrameworksBuildPhase section */

/* Begin PBXGroup section */
		AEF40FE12DA9A06600C7581A = {
			isa = PBXGroup;
			children = (
				AEF40FEC2DA9A06600C7581A /* HabiTrack */,
				AEF4100E2DA9A32600C7581A /* HabiTrackTests */,
				AEF4101B2DA9A34F00C7581A /* HabiTrackUITests */,
				AEF40FEB2DA9A06600C7581A /* Products */,
			);
			sourceTree = "<group>";
		};
		AEF40FEB2DA9A06600C7581A /* Products */ = {
			isa = PBXGroup;
			children = (
				AEF40FEA2DA9A06600C7581A /* HabiTrack.app */,
				AEF4100D2DA9A32600C7581A /* HabiTrackTests.xctest */,
				AEF4101A2DA9A34F00C7581A /* HabiTrackUITests.xctest */,
			);
			name = Products;
			sourceTree = "<group>";
		};
/* End PBXGroup section */

/* Begin PBXNativeTarget section */
		AEF40FE92DA9A06600C7581A /* HabiTrack */ = {
			isa = PBXNativeTarget;
			buildConfigurationList = AEF40FF52DA9A06700C7581A /* Build configuration list for PBXNativeTarget "HabiTrack" */;
			buildPhases = (
				AEF40FE62DA9A06600C7581A /* Sources */,
				AEF40FE72DA9A06600C7581A /* Frameworks */,
				AEF40FE82DA9A06600C7581A /* Resources */,
			);
			buildRules = (
			);
			dependencies = (
			);
			fileSystemSynchronizedGroups = (
				AEF40FEC2DA9A06600C7581A /* HabiTrack */,
			);
			name = HabiTrack;
			packageProductDependencies = (
			);
			productName = HabiTrack;
			productReference = AEF40FEA2DA9A06600C7581A /* HabiTrack.app */;
			productType = "com.apple.product-type.application";
		};
		AEF4100C2DA9A32600C7581A /* HabiTrackTests */ = {
			isa = PBXNativeTarget;
			buildConfigurationList = AEF410132DA9A32600C7581A /* Build configuration list for PBXNativeTarget "HabiTrackTests" */;
			buildPhases = (
				AEF410092DA9A32600C7581A /* Sources */,
				AEF4100A2DA9A32600C7581A /* Frameworks */,
				AEF4100B2DA9A32600C7581A /* Resources */,
			);
			buildRules = (
			);
			dependencies = (
				AEF410122DA9A32600C7581A /* PBXTargetDependency */,
			);
			fileSystemSynchronizedGroups = (
				AEF4100E2DA9A32600C7581A /* HabiTrackTests */,
			);
			name = HabiTrackTests;
			packageProductDependencies = (
			);
			productName = HabiTrackTests;
			productReference = AEF4100D2DA9A32600C7581A /* HabiTrackTests.xctest */;
			productType = "com.apple.product-type.bundle.unit-test";
		};
		AEF410192DA9A34F00C7581A /* HabiTrackUITests */ = {
			isa = PBXNativeTarget;
			buildConfigurationList = AEF410222DA9A34F00C7581A /* Build configuration list for PBXNativeTarget "HabiTrackUITests" */;
			buildPhases = (
				AEF410162DA9A34F00C7581A /* Sources */,
				AEF410172DA9A34F00C7581A /* Frameworks */,
				AEF410182DA9A34F00C7581A /* Resources */,
			);
			buildRules = (
			);
			dependencies = (
				AEF410212DA9A34F00C7581A /* PBXTargetDependency */,
			);
			fileSystemSynchronizedGroups = (
				AEF4101B2DA9A34F00C7581A /* HabiTrackUITests */,
			);
			name = HabiTrackUITests;
			packageProductDependencies = (
			);
			productName = HabiTrackUITests;
			productReference = AEF4101A2DA9A34F00C7581A /* HabiTrackUITests.xctest */;
			productType = "com.apple.product-type.bundle.ui-testing";
		};
/* End PBXNativeTarget section */

/* Begin PBXProject section */
		AEF40FE22DA9A06600C7581A /* Project object */ = {
			isa = PBXProject;
			attributes = {
				BuildIndependentTargetsInParallel = 1;
				LastSwiftUpdateCheck = 1630;
				LastUpgradeCheck = 1630;
				TargetAttributes = {
					AEF40FE92DA9A06600C7581A = {
						CreatedOnToolsVersion = 16.3;
					};
					AEF4100C2DA9A32600C7581A = {
						CreatedOnToolsVersion = 16.3;
						TestTargetID = AEF40FE92DA9A06600C7581A;
					};
					AEF410192DA9A34F00C7581A = {
						CreatedOnToolsVersion = 16.3;
						TestTargetID = AEF40FE92DA9A06600C7581A;
					};
				};
			};
			buildConfigurationList = AEF40FE52DA9A06600C7581A /* Build configuration list for PBXProject "HabiTrack" */;
			developmentRegion = en;
			hasScannedForEncodings = 0;
			knownRegions = (
				en,
				Base,
			);
			mainGroup = AEF40FE12DA9A06600C7581A;
			minimizedProjectReferenceProxies = 1;
			preferredProjectObjectVersion = 77;
			productRefGroup = AEF40FEB2DA9A06600C7581A /* Products */;
			projectDirPath = "";
			projectRoot = "";
			targets = (
				AEF40FE92DA9A06600C7581A /* HabiTrack */,
				AEF4100C2DA9A32600C7581A /* HabiTrackTests */,
				AEF410192DA9A34F00C7581A /* HabiTrackUITests */,
			);
		};
/* End PBXProject section */

/* Begin PBXResourcesBuildPhase section */
		AEF40FE82DA9A06600C7581A /* Resources */ = {
			isa = PBXResourcesBuildPhase;
			buildActionMask = 2147483647;
			files = (
			);
			runOnlyForDeploymentPostprocessing = 0;
		};
		AEF4100B2DA9A32600C7581A /* Resources */ = {
			isa = PBXResourcesBuildPhase;
			buildActionMask = 2147483647;
			files = (
			);
			runOnlyForDeploymentPostprocessing = 0;
		};
		AEF410182DA9A34F00C7581A /* Resources */ = {
			isa = PBXResourcesBuildPhase;
			buildActionMask = 2147483647;
			files = (
			);
			runOnlyForDeploymentPostprocessing = 0;
		};
/* End PBXResourcesBuildPhase section */

/* Begin PBXSourcesBuildPhase section */
		AEF40FE62DA9A06600C7581A /* Sources */ = {
			isa = PBXSourcesBuildPhase;
			buildActionMask = 2147483647;
			files = (
			);
			runOnlyForDeploymentPostprocessing = 0;
		};
		AEF410092DA9A32600C7581A /* Sources */ = {
			isa = PBXSourcesBuildPhase;
			buildActionMask = 2147483647;
			files = (
			);
			runOnlyForDeploymentPostprocessing = 0;
		};
		AEF410162DA9A34F00C7581A /* Sources */ = {
			isa = PBXSourcesBuildPhase;
			buildActionMask = 2147483647;
			files = (
			);
			runOnlyForDeploymentPostprocessing = 0;
		};
/* End PBXSourcesBuildPhase section */

/* Begin PBXTargetDependency section */
		AEF410122DA9A32600C7581A /* PBXTargetDependency */ = {
			isa = PBXTargetDependency;
			target = AEF40FE92DA9A06600C7581A /* HabiTrack */;
			targetProxy = AEF410112DA9A32600C7581A /* PBXContainerItemProxy */;
		};
		AEF410212DA9A34F00C7581A /* PBXTargetDependency */ = {
			isa = PBXTargetDependency;
			target = AEF40FE92DA9A06600C7581A /* HabiTrack */;
			targetProxy = AEF410202DA9A34F00C7581A /* PBXContainerItemProxy */;
		};
/* End PBXTargetDependency section */

/* Begin XCBuildConfiguration section */
		AEF40FF32DA9A06700C7581A /* Debug */ = {
			isa = XCBuildConfiguration;
			buildSettings = {
				ALWAYS_SEARCH_USER_PATHS = NO;
				ASSETCATALOG_COMPILER_GENERATE_SWIFT_ASSET_SYMBOL_EXTENSIONS = YES;
				CLANG_ANALYZER_NONNULL = YES;
				CLANG_ANALYZER_NUMBER_OBJECT_CONVERSION = YES_AGGRESSIVE;
				CLANG_CXX_LANGUAGE_STANDARD = "gnu++20";
				CLANG_ENABLE_MODULES = YES;
				CLANG_ENABLE_OBJC_ARC = YES;
				CLANG_ENABLE_OBJC_WEAK = YES;
				CLANG_WARN_BLOCK_CAPTURE_AUTORELEASING = YES;
				CLANG_WARN_BOOL_CONVERSION = YES;
				CLANG_WARN_COMMA = YES;
				CLANG_WARN_CONSTANT_CONVERSION = YES;
				CLANG_WARN_DEPRECATED_OBJC_IMPLEMENTATIONS = YES;
				CLANG_WARN_DIRECT_OBJC_ISA_USAGE = YES_ERROR;
				CLANG_WARN_DOCUMENTATION_COMMENTS = YES;
				CLANG_WARN_EMPTY_BODY = YES;
				CLANG_WARN_ENUM_CONVERSION = YES;
				CLANG_WARN_INFINITE_RECURSION = YES;
				CLANG_WARN_INT_CONVERSION = YES;
				CLANG_WARN_NON_LITERAL_NULL_CONVERSION = YES;
				CLANG_WARN_OBJC_IMPLICIT_RETAIN_SELF = YES;
				CLANG_WARN_OBJC_LITERAL_CONVERSION = YES;
				CLANG_WARN_OBJC_ROOT_CLASS = YES_ERROR;
				CLANG_WARN_QUOTED_INCLUDE_IN_FRAMEWORK_HEADER = YES;
				CLANG_WARN_RANGE_LOOP_ANALYSIS = YES;
				CLANG_WARN_STRICT_PROTOTYPES = YES;
				CLANG_WARN_SUSPICIOUS_MOVE = YES;
				CLANG_WARN_UNGUARDED_AVAILABILITY = YES_AGGRESSIVE;
				CLANG_WARN_UNREACHABLE_CODE = YES;
				CLANG_WARN__DUPLICATE_METHOD_MATCH = YES;
				COPY_PHASE_STRIP = NO;
				DEBUG_INFORMATION_FORMAT = dwarf;
				DEVELOPMENT_TEAM = QR37H9V73U;
				ENABLE_STRICT_OBJC_MSGSEND = YES;
				ENABLE_TESTABILITY = YES;
				ENABLE_USER_SCRIPT_SANDBOXING = YES;
				GCC_C_LANGUAGE_STANDARD = gnu17;
				GCC_DYNAMIC_NO_PIC = NO;
				GCC_NO_COMMON_BLOCKS = YES;
				GCC_OPTIMIZATION_LEVEL = 0;
				GCC_PREPROCESSOR_DEFINITIONS = (
					"DEBUG=1",
					"$(inherited)",
				);
				GCC_WARN_64_TO_32_BIT_CONVERSION = YES;
				GCC_WARN_ABOUT_RETURN_TYPE = YES_ERROR;
				GCC_WARN_UNDECLARED_SELECTOR = YES;
				GCC_WARN_UNINITIALIZED_AUTOS = YES_AGGRESSIVE;
				GCC_WARN_UNUSED_FUNCTION = YES;
				GCC_WARN_UNUSED_VARIABLE = YES;
				IPHONEOS_DEPLOYMENT_TARGET = 18.4;
				LOCALIZATION_PREFERS_STRING_CATALOGS = YES;
				MTL_ENABLE_DEBUG_INFO = INCLUDE_SOURCE;
				MTL_FAST_MATH = YES;
				ONLY_ACTIVE_ARCH = YES;
				SDKROOT = iphoneos;
				SWIFT_ACTIVE_COMPILATION_CONDITIONS = "DEBUG $(inherited)";
				SWIFT_OPTIMIZATION_LEVEL = "-Onone";
			};
			name = Debug;
		};
		AEF40FF42DA9A06700C7581A /* Release */ = {
			isa = XCBuildConfiguration;
			buildSettings = {
				ALWAYS_SEARCH_USER_PATHS = NO;
				ASSETCATALOG_COMPILER_GENERATE_SWIFT_ASSET_SYMBOL_EXTENSIONS = YES;
				CLANG_ANALYZER_NONNULL = YES;
				CLANG_ANALYZER_NUMBER_OBJECT_CONVERSION = YES_AGGRESSIVE;
				CLANG_CXX_LANGUAGE_STANDARD = "gnu++20";
				CLANG_ENABLE_MODULES = YES;
				CLANG_ENABLE_OBJC_ARC = YES;
				CLANG_ENABLE_OBJC_WEAK = YES;
				CLANG_WARN_BLOCK_CAPTURE_AUTORELEASING = YES;
				CLANG_WARN_BOOL_CONVERSION = YES;
				CLANG_WARN_COMMA = YES;
				CLANG_WARN_CONSTANT_CONVERSION = YES;
				CLANG_WARN_DEPRECATED_OBJC_IMPLEMENTATIONS = YES;
				CLANG_WARN_DIRECT_OBJC_ISA_USAGE = YES_ERROR;
				CLANG_WARN_DOCUMENTATION_COMMENTS = YES;
				CLANG_WARN_EMPTY_BODY = YES;
				CLANG_WARN_ENUM_CONVERSION = YES;
				CLANG_WARN_INFINITE_RECURSION = YES;
				CLANG_WARN_INT_CONVERSION = YES;
				CLANG_WARN_NON_LITERAL_NULL_CONVERSION = YES;
				CLANG_WARN_OBJC_IMPLICIT_RETAIN_SELF = YES;
				CLANG_WARN_OBJC_LITERAL_CONVERSION = YES;
				CLANG_WARN_OBJC_ROOT_CLASS = YES_ERROR;
				CLANG_WARN_QUOTED_INCLUDE_IN_FRAMEWORK_HEADER = YES;
				CLANG_WARN_RANGE_LOOP_ANALYSIS = YES;
				CLANG_WARN_STRICT_PROTOTYPES = YES;
				CLANG_WARN_SUSPICIOUS_MOVE = YES;
				CLANG_WARN_UNGUARDED_AVAILABILITY = YES_AGGRESSIVE;
				CLANG_WARN_UNREACHABLE_CODE = YES;
				CLANG_WARN__DUPLICATE_METHOD_MATCH = YES;
				COPY_PHASE_STRIP = NO;
				DEBUG_INFORMATION_FORMAT = "dwarf-with-dsym";
				DEVELOPMENT_TEAM = QR37H9V73U;
				ENABLE_NS_ASSERTIONS = NO;
				ENABLE_STRICT_OBJC_MSGSEND = YES;
				ENABLE_USER_SCRIPT_SANDBOXING = YES;
				GCC_C_LANGUAGE_STANDARD = gnu17;
				GCC_NO_COMMON_BLOCKS = YES;
				GCC_WARN_64_TO_32_BIT_CONVERSION = YES;
				GCC_WARN_ABOUT_RETURN_TYPE = YES_ERROR;
				GCC_WARN_UNDECLARED_SELECTOR = YES;
				GCC_WARN_UNINITIALIZED_AUTOS = YES_AGGRESSIVE;
				GCC_WARN_UNUSED_FUNCTION = YES;
				GCC_WARN_UNUSED_VARIABLE = YES;
				IPHONEOS_DEPLOYMENT_TARGET = 18.4;
				LOCALIZATION_PREFERS_STRING_CATALOGS = YES;
				MTL_ENABLE_DEBUG_INFO = NO;
				MTL_FAST_MATH = YES;
				SDKROOT = iphoneos;
				SWIFT_COMPILATION_MODE = wholemodule;
				VALIDATE_PRODUCT = YES;
			};
			name = Release;
		};
		AEF40FF62DA9A06700C7581A /* Debug */ = {
			isa = XCBuildConfiguration;
			buildSettings = {
				ASSETCATALOG_COMPILER_APPICON_NAME = AppIcon;
				ASSETCATALOG_COMPILER_GLOBAL_ACCENT_COLOR_NAME = AccentColor;
				CODE_SIGN_STYLE = Automatic;
				CURRENT_PROJECT_VERSION = 1;
				DEVELOPMENT_TEAM = QR37H9V73U;
				ENABLE_PREVIEWS = YES;
				GENERATE_INFOPLIST_FILE = YES;
				INFOPLIST_KEY_CFBundleDisplayName = Habits;
				INFOPLIST_KEY_UIApplicationSceneManifest_Generation = YES;
				INFOPLIST_KEY_UIApplicationSupportsIndirectInputEvents = YES;
				INFOPLIST_KEY_UILaunchScreen_Generation = YES;
				INFOPLIST_KEY_UISupportedInterfaceOrientations = "UIInterfaceOrientationLandscapeLeft UIInterfaceOrientationLandscapeRight UIInterfaceOrientationPortrait";
				INFOPLIST_KEY_UISupportedInterfaceOrientations_iPad = "UIInterfaceOrientationLandscapeLeft UIInterfaceOrientationLandscapeRight UIInterfaceOrientationPortrait UIInterfaceOrientationPortraitUpsideDown";
				LD_RUNPATH_SEARCH_PATHS = (
					"$(inherited)",
					"@executable_path/Frameworks",
				);
				MARKETING_VERSION = 1.0.0;
				PRODUCT_BUNDLE_IDENTIFIER = com.othmanezizi.HabiTrack;
				PRODUCT_NAME = "$(TARGET_NAME)";
				SWIFT_EMIT_LOC_STRINGS = YES;
				SWIFT_VERSION = 5.0;
				TARGETED_DEVICE_FAMILY = "1,2";
			};
			name = Debug;
		};
		AEF40FF72DA9A06700C7581A /* Release */ = {
			isa = XCBuildConfiguration;
			buildSettings = {
				ASSETCATALOG_COMPILER_APPICON_NAME = AppIcon;
				ASSETCATALOG_COMPILER_GLOBAL_ACCENT_COLOR_NAME = AccentColor;
				CODE_SIGN_STYLE = Automatic;
				CURRENT_PROJECT_VERSION = 1;
				DEVELOPMENT_TEAM = QR37H9V73U;
				ENABLE_PREVIEWS = YES;
				GENERATE_INFOPLIST_FILE = YES;
				INFOPLIST_KEY_CFBundleDisplayName = Habits;
				INFOPLIST_KEY_UIApplicationSceneManifest_Generation = YES;
				INFOPLIST_KEY_UIApplicationSupportsIndirectInputEvents = YES;
				INFOPLIST_KEY_UILaunchScreen_Generation = YES;
				INFOPLIST_KEY_UISupportedInterfaceOrientations = "UIInterfaceOrientationLandscapeLeft UIInterfaceOrientationLandscapeRight UIInterfaceOrientationPortrait";
				INFOPLIST_KEY_UISupportedInterfaceOrientations_iPad = "UIInterfaceOrientationLandscapeLeft UIInterfaceOrientationLandscapeRight UIInterfaceOrientationPortrait UIInterfaceOrientationPortraitUpsideDown";
				LD_RUNPATH_SEARCH_PATHS = (
					"$(inherited)",
					"@executable_path/Frameworks",
				);
				MARKETING_VERSION = 1.0.0;
				PRODUCT_BUNDLE_IDENTIFIER = com.othmanezizi.HabiTrack;
				PRODUCT_NAME = "$(TARGET_NAME)";
				SWIFT_EMIT_LOC_STRINGS = YES;
				SWIFT_VERSION = 5.0;
				TARGETED_DEVICE_FAMILY = "1,2";
			};
			name = Release;
		};
		AEF410142DA9A32600C7581A /* Debug */ = {
			isa = XCBuildConfiguration;
			buildSettings = {
				BUNDLE_LOADER = "$(TEST_HOST)";
				CODE_SIGN_STYLE = Automatic;
				CURRENT_PROJECT_VERSION = 1;
				DEVELOPMENT_TEAM = QR37H9V73U;
				GENERATE_INFOPLIST_FILE = YES;
				MARKETING_VERSION = 1.0;
				PRODUCT_BUNDLE_IDENTIFIER = com.othmanezizi.HabiTrackTests;
				PRODUCT_NAME = "$(TARGET_NAME)";
				SWIFT_EMIT_LOC_STRINGS = NO;
				SWIFT_VERSION = 5.0;
				TARGETED_DEVICE_FAMILY = "1,2";
				TEST_HOST = "$(BUILT_PRODUCTS_DIR)/HabiTrack.app/$(BUNDLE_EXECUTABLE_FOLDER_PATH)/HabiTrack";
			};
			name = Debug;
		};
		AEF410152DA9A32600C7581A /* Release */ = {
			isa = XCBuildConfiguration;
			buildSettings = {
				BUNDLE_LOADER = "$(TEST_HOST)";
				CODE_SIGN_STYLE = Automatic;
				CURRENT_PROJECT_VERSION = 1;
				DEVELOPMENT_TEAM = QR37H9V73U;
				GENERATE_INFOPLIST_FILE = YES;
				MARKETING_VERSION = 1.0;
				PRODUCT_BUNDLE_IDENTIFIER = com.othmanezizi.HabiTrackTests;
				PRODUCT_NAME = "$(TARGET_NAME)";
				SWIFT_EMIT_LOC_STRINGS = NO;
				SWIFT_VERSION = 5.0;
				TARGETED_DEVICE_FAMILY = "1,2";
				TEST_HOST = "$(BUILT_PRODUCTS_DIR)/HabiTrack.app/$(BUNDLE_EXECUTABLE_FOLDER_PATH)/HabiTrack";
			};
			name = Release;
		};
		AEF410232DA9A34F00C7581A /* Debug */ = {
			isa = XCBuildConfiguration;
			buildSettings = {
				CODE_SIGN_STYLE = Automatic;
				CURRENT_PROJECT_VERSION = 1;
				DEVELOPMENT_TEAM = QR37H9V73U;
				GENERATE_INFOPLIST_FILE = YES;
				MARKETING_VERSION = 1.0;
				PRODUCT_BUNDLE_IDENTIFIER = com.othmanezizi.HabiTrackUITests;
				PRODUCT_NAME = "$(TARGET_NAME)";
				SWIFT_EMIT_LOC_STRINGS = NO;
				SWIFT_VERSION = 5.0;
				TARGETED_DEVICE_FAMILY = "1,2";
				TEST_TARGET_NAME = HabiTrack;
			};
			name = Debug;
		};
		AEF410242DA9A34F00C7581A /* Release */ = {
			isa = XCBuildConfiguration;
			buildSettings = {
				CODE_SIGN_STYLE = Automatic;
				CURRENT_PROJECT_VERSION = 1;
				DEVELOPMENT_TEAM = QR37H9V73U;
				GENERATE_INFOPLIST_FILE = YES;
				MARKETING_VERSION = 1.0;
				PRODUCT_BUNDLE_IDENTIFIER = com.othmanezizi.HabiTrackUITests;
				PRODUCT_NAME = "$(TARGET_NAME)";
				SWIFT_EMIT_LOC_STRINGS = NO;
				SWIFT_VERSION = 5.0;
				TARGETED_DEVICE_FAMILY = "1,2";
				TEST_TARGET_NAME = HabiTrack;
			};
			name = Release;
		};
/* End XCBuildConfiguration section */

/* Begin XCConfigurationList section */
		AEF40FE52DA9A06600C7581A /* Build configuration list for PBXProject "HabiTrack" */ = {
			isa = XCConfigurationList;
			buildConfigurations = (
				AEF40FF32DA9A06700C7581A /* Debug */,
				AEF40FF42DA9A06700C7581A /* Release */,
			);
			defaultConfigurationIsVisible = 0;
			defaultConfigurationName = Release;
		};
		AEF40FF52DA9A06700C7581A /* Build configuration list for PBXNativeTarget "HabiTrack" */ = {
			isa = XCConfigurationList;
			buildConfigurations = (
				AEF40FF62DA9A06700C7581A /* Debug */,
				AEF40FF72DA9A06700C7581A /* Release */,
			);
			defaultConfigurationIsVisible = 0;
			defaultConfigurationName = Release;
		};
		AEF410132DA9A32600C7581A /* Build configuration list for PBXNativeTarget "HabiTrackTests" */ = {
			isa = XCConfigurationList;
			buildConfigurations = (
				AEF410142DA9A32600C7581A /* Debug */,
				AEF410152DA9A32600C7581A /* Release */,
			);
			defaultConfigurationIsVisible = 0;
			defaultConfigurationName = Release;
		};
		AEF410222DA9A34F00C7581A /* Build configuration list for PBXNativeTarget "HabiTrackUITests" */ = {
			isa = XCConfigurationList;
			buildConfigurations = (
				AEF410232DA9A34F00C7581A /* Debug */,
				AEF410242DA9A34F00C7581A /* Release */,
			);
			defaultConfigurationIsVisible = 0;
			defaultConfigurationName = Release;
		};
/* End XCConfigurationList section */
	};
	rootObject = AEF40FE22DA9A06600C7581A /* Project object */;
}
